
Microsoft Visual Studio Solution File, Format Version 12.00
# Visual Studio Version 16
VisualStudioVersion = 16.0.31019.35
MinimumVisualStudioVersion = 10.0.40219.1
Project("{FAE04EC0-301F-11D3-BF4B-00C04F79EFBC}") = "Mywebproject_core", "Mywebproject_core.csproj", "{4DADFB7F-E497-4600-8261-C9D32A9AA6E2}"
EndProject
Global
	GlobalSection(SolutionConfigurationPlatforms) = preSolution
		Debug|Any CPU = Debug|Any CPU
		Release|Any CPU = Release|Any CPU
	EndGlobalSection
	GlobalSection(ProjectConfigurationPlatforms) = postSolution
		{4DADFB7F-E497-4600-8261-C9D32A9AA6E2}.Debug|Any CPU.ActiveCfg = Debug|Any CPU
		{4DADFB7F-E497-4600-8261-C9D32A9AA6E2}.Debug|Any CPU.Build.0 = Debug|Any CPU
		{4DADFB7F-E497-4600-8261-C9D32A9AA6E2}.Release|Any CPU.ActiveCfg = Release|Any CPU
		{4DADFB7F-E497-4600-8261-C9D32A9AA6E2}.Release|Any CPU.Build.0 = Release|Any CPU
	EndGlobalSection
	GlobalSection(SolutionProperties) = preSolution
		HideSolutionNode = FALSE
	EndGlobalSection
	GlobalSection(ExtensibilityGlobals) = postSolution
		SolutionGuid = {F35EA0C7-6CA6-491D-B4C0-4D8E11AA434E}
	EndGlobalSection
EndGlobal
